
Microsoft Visual Studio Solution File, Format Version 12.00
# Visual Studio 14
VisualStudioVersion = 14.0.25420.1
MinimumVisualStudioVersion = 10.0.40219.1
Project("{FAE04EC0-301F-11D3-BF4B-00C04F79EFBC}") = "T4Demo", "T4Demo\T4Demo.csproj", "{559EB5AB-1E29-4F72-B6FA-C75EC53757C6}"
EndProject
Project("{FAE04EC0-301F-11D3-BF4B-00C04F79EFBC}") = "T4Test", "T4Test\T4Test.csproj", "{B089F4E4-EFD4-48EF-A502-2DDA6D4730F3}"
EndProject
Project("{FAE04EC0-301F-11D3-BF4B-00C04F79EFBC}") = "T4Demo2", "T4Demo2\T4Demo2.csproj", "{B4C43C4D-205A-42D9-B1DD-E87CF5F70CB2}"
EndProject
Project("{FAE04EC0-301F-11D3-BF4B-00C04F79EFBC}") = "T4Demo3", "T4Demo3\T4Demo3.csproj", "{E16DCCF6-8C72-43B0-A2E2-7B83EF0EDF05}"
EndProject
Global
	GlobalSection(SolutionConfigurationPlatforms) = preSolution
		Debug|Any CPU = Debug|Any CPU
		Release|Any CPU = Release|Any CPU
	EndGlobalSection
	GlobalSection(ProjectConfigurationPlatforms) = postSolution
		{559EB5AB-1E29-4F72-B6FA-C75EC53757C6}.Debug|Any CPU.ActiveCfg = Debug|Any CPU
		{559EB5AB-1E29-4F72-B6FA-C75EC53757C6}.Debug|Any CPU.Build.0 = Debug|Any CPU
		{559EB5AB-1E29-4F72-B6FA-C75EC53757C6}.Release|Any CPU.ActiveCfg = Release|Any CPU
		{559EB5AB-1E29-4F72-B6FA-C75EC53757C6}.Release|Any CPU.Build.0 = Release|Any CPU
		{B089F4E4-EFD4-48EF-A502-2DDA6D4730F3}.Debug|Any CPU.ActiveCfg = Debug|Any CPU
		{B089F4E4-EFD4-48EF-A502-2DDA6D4730F3}.Debug|Any CPU.Build.0 = Debug|Any CPU
		{B089F4E4-EFD4-48EF-A502-2DDA6D4730F3}.Release|Any CPU.ActiveCfg = Release|Any CPU
		{B089F4E4-EFD4-48EF-A502-2DDA6D4730F3}.Release|Any CPU.Build.0 = Release|Any CPU
		{B4C43C4D-205A-42D9-B1DD-E87CF5F70CB2}.Debug|Any CPU.ActiveCfg = Debug|Any CPU
		{B4C43C4D-205A-42D9-B1DD-E87CF5F70CB2}.Debug|Any CPU.Build.0 = Debug|Any CPU
		{B4C43C4D-205A-42D9-B1DD-E87CF5F70CB2}.Release|Any CPU.ActiveCfg = Release|Any CPU
		{B4C43C4D-205A-42D9-B1DD-E87CF5F70CB2}.Release|Any CPU.Build.0 = Release|Any CPU
		{E16DCCF6-8C72-43B0-A2E2-7B83EF0EDF05}.Debug|Any CPU.ActiveCfg = Debug|Any CPU
		{E16DCCF6-8C72-43B0-A2E2-7B83EF0EDF05}.Debug|Any CPU.Build.0 = Debug|Any CPU
		{E16DCCF6-8C72-43B0-A2E2-7B83EF0EDF05}.Release|Any CPU.ActiveCfg = Release|Any CPU
		{E16DCCF6-8C72-43B0-A2E2-7B83EF0EDF05}.Release|Any CPU.Build.0 = Release|Any CPU
	EndGlobalSection
	GlobalSection(SolutionProperties) = preSolution
		HideSolutionNode = FALSE
	EndGlobalSection
EndGlobal
