
Microsoft Visual Studio Solution File, Format Version 12.00
# Visual Studio 15
VisualStudioVersion = 15.0.27428.2037
MinimumVisualStudioVersion = 10.0.40219.1
Project("{FAE04EC0-301F-11D3-BF4B-00C04F79EFBC}") = "WindowsFormsApp", "WindowsFormsApp\WindowsFormsApp.csproj", "{7B32F15D-A1C1-4496-9911-858128D7BBB3}"
EndProject
Project("{FAE04EC0-301F-11D3-BF4B-00C04F79EFBC}") = "WpfApp", "WpfApp\WpfApp.csproj", "{7D874892-D6A0-40E9-85A8-0FC6B070A936}"
EndProject
Project("{FAE04EC0-301F-11D3-BF4B-00C04F79EFBC}") = "CommandBinding", "CommandBinding\CommandBinding.csproj", "{2F8624BD-94F8-4567-9CCB-C6B59342E335}"
EndProject
Project("{FAE04EC0-301F-11D3-BF4B-00C04F79EFBC}") = "LayoutSample", "LayoutSample\LayoutSample.csproj", "{6F8EA5D7-42CD-42C5-84BD-14527E68DE45}"
EndProject
Project("{FAE04EC0-301F-11D3-BF4B-00C04F79EFBC}") = "AttachProperty", "AttachProperty\AttachProperty.csproj", "{1C595F12-CA8C-4350-A8B9-2F2E7E89195F}"
EndProject
Project("{FAE04EC0-301F-11D3-BF4B-00C04F79EFBC}") = "CommandSample", "CommandSample\CommandSample.csproj", "{8B4044C0-1923-47B6-A21C-D2B4D46E4D16}"
EndProject
Project("{FAE04EC0-301F-11D3-BF4B-00C04F79EFBC}") = "xReferenceSample", "xReferenceSample\xReferenceSample.csproj", "{7B7C4717-28AC-49F0-A00E-5AB36C2C8A67}"
EndProject
Project("{FAE04EC0-301F-11D3-BF4B-00C04F79EFBC}") = "xStatic", "xStatic\xStatic.csproj", "{E0BE022C-1290-4C4D-87A0-565FD01A1B1E}"
EndProject
Project("{FAE04EC0-301F-11D3-BF4B-00C04F79EFBC}") = "Resources", "Resources\Resources.csproj", "{930A8731-3B44-440D-9371-1FEAEA61F783}"
EndProject
Project("{FAE04EC0-301F-11D3-BF4B-00C04F79EFBC}") = "Thread", "Thread\Thread.csproj", "{E1B0FE1B-CBA5-4F80-A5FB-0611F5D600AD}"
EndProject
Global
	GlobalSection(SolutionConfigurationPlatforms) = preSolution
		Debug|Any CPU = Debug|Any CPU
		Release|Any CPU = Release|Any CPU
	EndGlobalSection
	GlobalSection(ProjectConfigurationPlatforms) = postSolution
		{7B32F15D-A1C1-4496-9911-858128D7BBB3}.Debug|Any CPU.ActiveCfg = Debug|Any CPU
		{7B32F15D-A1C1-4496-9911-858128D7BBB3}.Debug|Any CPU.Build.0 = Debug|Any CPU
		{7B32F15D-A1C1-4496-9911-858128D7BBB3}.Release|Any CPU.ActiveCfg = Release|Any CPU
		{7B32F15D-A1C1-4496-9911-858128D7BBB3}.Release|Any CPU.Build.0 = Release|Any CPU
		{7D874892-D6A0-40E9-85A8-0FC6B070A936}.Debug|Any CPU.ActiveCfg = Debug|Any CPU
		{7D874892-D6A0-40E9-85A8-0FC6B070A936}.Debug|Any CPU.Build.0 = Debug|Any CPU
		{7D874892-D6A0-40E9-85A8-0FC6B070A936}.Release|Any CPU.ActiveCfg = Release|Any CPU
		{7D874892-D6A0-40E9-85A8-0FC6B070A936}.Release|Any CPU.Build.0 = Release|Any CPU
		{2F8624BD-94F8-4567-9CCB-C6B59342E335}.Debug|Any CPU.ActiveCfg = Debug|Any CPU
		{2F8624BD-94F8-4567-9CCB-C6B59342E335}.Debug|Any CPU.Build.0 = Debug|Any CPU
		{2F8624BD-94F8-4567-9CCB-C6B59342E335}.Release|Any CPU.ActiveCfg = Release|Any CPU
		{2F8624BD-94F8-4567-9CCB-C6B59342E335}.Release|Any CPU.Build.0 = Release|Any CPU
		{6F8EA5D7-42CD-42C5-84BD-14527E68DE45}.Debug|Any CPU.ActiveCfg = Debug|Any CPU
		{6F8EA5D7-42CD-42C5-84BD-14527E68DE45}.Debug|Any CPU.Build.0 = Debug|Any CPU
		{6F8EA5D7-42CD-42C5-84BD-14527E68DE45}.Release|Any CPU.ActiveCfg = Release|Any CPU
		{6F8EA5D7-42CD-42C5-84BD-14527E68DE45}.Release|Any CPU.Build.0 = Release|Any CPU
		{1C595F12-CA8C-4350-A8B9-2F2E7E89195F}.Debug|Any CPU.ActiveCfg = Debug|Any CPU
		{1C595F12-CA8C-4350-A8B9-2F2E7E89195F}.Debug|Any CPU.Build.0 = Debug|Any CPU
		{1C595F12-CA8C-4350-A8B9-2F2E7E89195F}.Release|Any CPU.ActiveCfg = Release|Any CPU
		{1C595F12-CA8C-4350-A8B9-2F2E7E89195F}.Release|Any CPU.Build.0 = Release|Any CPU
		{8B4044C0-1923-47B6-A21C-D2B4D46E4D16}.Debug|Any CPU.ActiveCfg = Debug|Any CPU
		{8B4044C0-1923-47B6-A21C-D2B4D46E4D16}.Debug|Any CPU.Build.0 = Debug|Any CPU
		{8B4044C0-1923-47B6-A21C-D2B4D46E4D16}.Release|Any CPU.ActiveCfg = Release|Any CPU
		{8B4044C0-1923-47B6-A21C-D2B4D46E4D16}.Release|Any CPU.Build.0 = Release|Any CPU
		{7B7C4717-28AC-49F0-A00E-5AB36C2C8A67}.Debug|Any CPU.ActiveCfg = Debug|Any CPU
		{7B7C4717-28AC-49F0-A00E-5AB36C2C8A67}.Debug|Any CPU.Build.0 = Debug|Any CPU
		{7B7C4717-28AC-49F0-A00E-5AB36C2C8A67}.Release|Any CPU.ActiveCfg = Release|Any CPU
		{7B7C4717-28AC-49F0-A00E-5AB36C2C8A67}.Release|Any CPU.Build.0 = Release|Any CPU
		{E0BE022C-1290-4C4D-87A0-565FD01A1B1E}.Debug|Any CPU.ActiveCfg = Debug|Any CPU
		{E0BE022C-1290-4C4D-87A0-565FD01A1B1E}.Debug|Any CPU.Build.0 = Debug|Any CPU
		{E0BE022C-1290-4C4D-87A0-565FD01A1B1E}.Release|Any CPU.ActiveCfg = Release|Any CPU
		{E0BE022C-1290-4C4D-87A0-565FD01A1B1E}.Release|Any CPU.Build.0 = Release|Any CPU
		{930A8731-3B44-440D-9371-1FEAEA61F783}.Debug|Any CPU.ActiveCfg = Debug|Any CPU
		{930A8731-3B44-440D-9371-1FEAEA61F783}.Debug|Any CPU.Build.0 = Debug|Any CPU
		{930A8731-3B44-440D-9371-1FEAEA61F783}.Release|Any CPU.ActiveCfg = Release|Any CPU
		{930A8731-3B44-440D-9371-1FEAEA61F783}.Release|Any CPU.Build.0 = Release|Any CPU
		{E1B0FE1B-CBA5-4F80-A5FB-0611F5D600AD}.Debug|Any CPU.ActiveCfg = Debug|Any CPU
		{E1B0FE1B-CBA5-4F80-A5FB-0611F5D600AD}.Debug|Any CPU.Build.0 = Debug|Any CPU
		{E1B0FE1B-CBA5-4F80-A5FB-0611F5D600AD}.Release|Any CPU.ActiveCfg = Release|Any CPU
		{E1B0FE1B-CBA5-4F80-A5FB-0611F5D600AD}.Release|Any CPU.Build.0 = Release|Any CPU
	EndGlobalSection
	GlobalSection(SolutionProperties) = preSolution
		HideSolutionNode = FALSE
	EndGlobalSection
	GlobalSection(ExtensibilityGlobals) = postSolution
		SolutionGuid = {3023B346-1480-48DD-BB76-52720C506886}
	EndGlobalSection
EndGlobal
